
Microsoft Visual Studio Solution File, Format Version 12.00
# Visual Studio Version 16
VisualStudioVersion = 16.0.31112.23
MinimumVisualStudioVersion = 10.0.40219.1
Project("{FAE04EC0-301F-11D3-BF4B-00C04F79EFBC}") = "WebapiTest", "WebapiTest.csproj", "{9CEAEDD6-AF0B-440B-868C-01EA8EFB0B38}"
EndProject
Project("{FAE04EC0-301F-11D3-BF4B-00C04F79EFBC}") = "TestProjeNunit", "..\TestProjeNunit\TestProjeNunit.csproj", "{49A38674-330D-46DE-9DFB-6B34DAFFE1B1}"
EndProject
Global
	GlobalSection(SolutionConfigurationPlatforms) = preSolution
		Debug|Any CPU = Debug|Any CPU
		Release|Any CPU = Release|Any CPU
	EndGlobalSection
	GlobalSection(ProjectConfigurationPlatforms) = postSolution
		{9CEAEDD6-AF0B-440B-868C-01EA8EFB0B38}.Debug|Any CPU.ActiveCfg = Debug|Any CPU
		{9CEAEDD6-AF0B-440B-868C-01EA8EFB0B38}.Debug|Any CPU.Build.0 = Debug|Any CPU
		{9CEAEDD6-AF0B-440B-868C-01EA8EFB0B38}.Release|Any CPU.ActiveCfg = Release|Any CPU
		{9CEAEDD6-AF0B-440B-868C-01EA8EFB0B38}.Release|Any CPU.Build.0 = Release|Any CPU
		{49A38674-330D-46DE-9DFB-6B34DAFFE1B1}.Debug|Any CPU.ActiveCfg = Debug|Any CPU
		{49A38674-330D-46DE-9DFB-6B34DAFFE1B1}.Debug|Any CPU.Build.0 = Debug|Any CPU
		{49A38674-330D-46DE-9DFB-6B34DAFFE1B1}.Release|Any CPU.ActiveCfg = Release|Any CPU
		{49A38674-330D-46DE-9DFB-6B34DAFFE1B1}.Release|Any CPU.Build.0 = Release|Any CPU
	EndGlobalSection
	GlobalSection(SolutionProperties) = preSolution
		HideSolutionNode = FALSE
	EndGlobalSection
	GlobalSection(ExtensibilityGlobals) = postSolution
		SolutionGuid = {0E28BBAE-3DAB-468A-9F44-CF19C34A99AE}
	EndGlobalSection
EndGlobal
